
Microsoft Visual Studio Solution File, Format Version 12.00
# Visual Studio 15
VisualStudioVersion = 15.0.28307.572
MinimumVisualStudioVersion = 10.0.40219.1
Project("{00D1A9C2-B5F0-4AF3-8072-F6C62B433612}") = "StagingAmgtxMA", "StagingAmgtxMA\StagingAmgtxMA.sqlproj", "{4214D305-B0EA-418E-98B4-5F958AC2DB0F}"
EndProject
Global
	GlobalSection(SolutionConfigurationPlatforms) = preSolution
		Debug|Any CPU = Debug|Any CPU
		Release|Any CPU = Release|Any CPU
	EndGlobalSection
	GlobalSection(ProjectConfigurationPlatforms) = postSolution
		{4214D305-B0EA-418E-98B4-5F958AC2DB0F}.Debug|Any CPU.ActiveCfg = Debug|Any CPU
		{4214D305-B0EA-418E-98B4-5F958AC2DB0F}.Debug|Any CPU.Build.0 = Debug|Any CPU
		{4214D305-B0EA-418E-98B4-5F958AC2DB0F}.Debug|Any CPU.Deploy.0 = Debug|Any CPU
		{4214D305-B0EA-418E-98B4-5F958AC2DB0F}.Release|Any CPU.ActiveCfg = Release|Any CPU
		{4214D305-B0EA-418E-98B4-5F958AC2DB0F}.Release|Any CPU.Build.0 = Release|Any CPU
		{4214D305-B0EA-418E-98B4-5F958AC2DB0F}.Release|Any CPU.Deploy.0 = Release|Any CPU
	EndGlobalSection
	GlobalSection(SolutionProperties) = preSolution
		HideSolutionNode = FALSE
	EndGlobalSection
	GlobalSection(ExtensibilityGlobals) = postSolution
		SolutionGuid = {838A71B8-B496-450E-A2AA-DFCF0597B7B1}
	EndGlobalSection
EndGlobal
